
Microsoft Visual Studio Solution File, Format Version 12.00
# Visual Studio Version 17
VisualStudioVersion = 17.5.33424.131
MinimumVisualStudioVersion = 10.0.40219.1
Project("{9A19103F-16F7-4668-BE54-9A1E7A4F7556}") = "Movies.Application", "Movies.Application\Movies.Application.csproj", "{AF9E58AE-F9A4-47BB-91C1-9149250B062E}"
EndProject
Project("{9A19103F-16F7-4668-BE54-9A1E7A4F7556}") = "Movies.Contracts", "Movies.Contracts\Movies.Contracts.csproj", "{7ABA1A3B-8A90-43DA-87CC-921CEC23FF44}"
EndProject
Project("{9A19103F-16F7-4668-BE54-9A1E7A4F7556}") = "Movies.Api", "Movies.Api\Movies.Api.csproj", "{F305A18B-CFA2-488F-8A20-E6BB99827D84}"
EndProject
Project("{9A19103F-16F7-4668-BE54-9A1E7A4F7556}") = "Identity.Api", "Identity.Api\Identity.Api.csproj", "{05A8A664-7B20-4D07-8B27-892C5394A59E}"
EndProject
Global
	GlobalSection(SolutionConfigurationPlatforms) = preSolution
		Debug|Any CPU = Debug|Any CPU
		Release|Any CPU = Release|Any CPU
	EndGlobalSection
	GlobalSection(ProjectConfigurationPlatforms) = postSolution
		{AF9E58AE-F9A4-47BB-91C1-9149250B062E}.Debug|Any CPU.ActiveCfg = Debug|Any CPU
		{AF9E58AE-F9A4-47BB-91C1-9149250B062E}.Debug|Any CPU.Build.0 = Debug|Any CPU
		{AF9E58AE-F9A4-47BB-91C1-9149250B062E}.Release|Any CPU.ActiveCfg = Release|Any CPU
		{AF9E58AE-F9A4-47BB-91C1-9149250B062E}.Release|Any CPU.Build.0 = Release|Any CPU
		{7ABA1A3B-8A90-43DA-87CC-921CEC23FF44}.Debug|Any CPU.ActiveCfg = Debug|Any CPU
		{7ABA1A3B-8A90-43DA-87CC-921CEC23FF44}.Debug|Any CPU.Build.0 = Debug|Any CPU
		{7ABA1A3B-8A90-43DA-87CC-921CEC23FF44}.Release|Any CPU.ActiveCfg = Release|Any CPU
		{7ABA1A3B-8A90-43DA-87CC-921CEC23FF44}.Release|Any CPU.Build.0 = Release|Any CPU
		{F305A18B-CFA2-488F-8A20-E6BB99827D84}.Debug|Any CPU.ActiveCfg = Debug|Any CPU
		{F305A18B-CFA2-488F-8A20-E6BB99827D84}.Debug|Any CPU.Build.0 = Debug|Any CPU
		{F305A18B-CFA2-488F-8A20-E6BB99827D84}.Release|Any CPU.ActiveCfg = Release|Any CPU
		{F305A18B-CFA2-488F-8A20-E6BB99827D84}.Release|Any CPU.Build.0 = Release|Any CPU
		{05A8A664-7B20-4D07-8B27-892C5394A59E}.Debug|Any CPU.ActiveCfg = Debug|Any CPU
		{05A8A664-7B20-4D07-8B27-892C5394A59E}.Debug|Any CPU.Build.0 = Debug|Any CPU
		{05A8A664-7B20-4D07-8B27-892C5394A59E}.Release|Any CPU.ActiveCfg = Release|Any CPU
		{05A8A664-7B20-4D07-8B27-892C5394A59E}.Release|Any CPU.Build.0 = Release|Any CPU
	EndGlobalSection
	GlobalSection(SolutionProperties) = preSolution
		HideSolutionNode = FALSE
	EndGlobalSection
	GlobalSection(ExtensibilityGlobals) = postSolution
		SolutionGuid = {BB40B8E8-50CF-4BB5-BC40-97E67B010BCC}
	EndGlobalSection
EndGlobal
